
Microsoft Visual Studio Solution File, Format Version 12.00
# Visual Studio 2012
Project("{FAE04EC0-301F-11D3-BF4B-00C04F79EFBC}") = "Maratona_23_15062024", "Maratona_23_15062024\Maratona_23_15062024.csproj", "{A56C315D-B2D8-4EB8-B2E0-F13B86EE7FD9}"
EndProject
Global
	GlobalSection(SolutionConfigurationPlatforms) = preSolution
		Debug|Any CPU = Debug|Any CPU
		Release|Any CPU = Release|Any CPU
	EndGlobalSection
	GlobalSection(ProjectConfigurationPlatforms) = postSolution
		{A56C315D-B2D8-4EB8-B2E0-F13B86EE7FD9}.Debug|Any CPU.ActiveCfg = Debug|Any CPU
		{A56C315D-B2D8-4EB8-B2E0-F13B86EE7FD9}.Debug|Any CPU.Build.0 = Debug|Any CPU
		{A56C315D-B2D8-4EB8-B2E0-F13B86EE7FD9}.Release|Any CPU.ActiveCfg = Release|Any CPU
		{A56C315D-B2D8-4EB8-B2E0-F13B86EE7FD9}.Release|Any CPU.Build.0 = Release|Any CPU
	EndGlobalSection
	GlobalSection(SolutionProperties) = preSolution
		HideSolutionNode = FALSE
	EndGlobalSection
EndGlobal
