
Microsoft Visual Studio Solution File, Format Version 12.00
# Visual Studio 2012
Project("{FAE04EC0-301F-11D3-BF4B-00C04F79EFBC}") = "ExercicioInicialEsquenta_02_18112023", "ExercicioInicialEsquenta_02_18112023\ExercicioInicialEsquenta_02_18112023.csproj", "{1045741F-3947-440B-9BE7-DC267C6F4478}"
EndProject
Global
	GlobalSection(SolutionConfigurationPlatforms) = preSolution
		Debug|Any CPU = Debug|Any CPU
		Release|Any CPU = Release|Any CPU
	EndGlobalSection
	GlobalSection(ProjectConfigurationPlatforms) = postSolution
		{1045741F-3947-440B-9BE7-DC267C6F4478}.Debug|Any CPU.ActiveCfg = Debug|Any CPU
		{1045741F-3947-440B-9BE7-DC267C6F4478}.Debug|Any CPU.Build.0 = Debug|Any CPU
		{1045741F-3947-440B-9BE7-DC267C6F4478}.Release|Any CPU.ActiveCfg = Release|Any CPU
		{1045741F-3947-440B-9BE7-DC267C6F4478}.Release|Any CPU.Build.0 = Release|Any CPU
	EndGlobalSection
	GlobalSection(SolutionProperties) = preSolution
		HideSolutionNode = FALSE
	EndGlobalSection
EndGlobal
